# This file is autogenerated, do not edit; changes may be undone by the next 'dep ensure'.


[[projects]]
  name = "cloud.google.com/go"
  packages = ["compute/metadata","iam","internal","internal/optional","internal/version","storage"]
  revision = "767c40d6a2e058483c25fa193e963a22da17236d"
  version = "v0.18.0"

[[projects]]
  name = "github.com/BurntSushi/toml"
  packages = ["."]
  revision = "b26d9c308763d68093482582cea63d69be07a0f0"
  version = "v0.3.0"

[[projects]]
  name = "github.com/Microsoft/go-winio"
  packages = ["."]
  revision = "7da180ee92d8bd8bb8c37fc560e673e6557c392f"
  version = "v0.4.7"

[[projects]]
  branch = "master"
  name = "github.com/MorpheoOrg/morpheo-go-packages"
  packages = ["client","common"]
  revision = "1b860c87b3dda16d0c5d0e288e7954a38cf0bd43"

[[projects]]
  name = "github.com/aws/aws-sdk-go"
  packages = ["aws","aws/awserr","aws/awsutil","aws/client","aws/client/metadata","aws/corehandlers","aws/credentials","aws/credentials/ec2rolecreds","aws/credentials/endpointcreds","aws/credentials/stscreds","aws/defaults","aws/ec2metadata","aws/endpoints","aws/request","aws/session","aws/signer/v4","internal/shareddefaults","private/protocol","private/protocol/query","private/protocol/query/queryutil","private/protocol/rest","private/protocol/restxml","private/protocol/xml/xmlutil","service/s3","service/sts"]
  revision = "decd990ddc5dcdf2f73309cbcab90d06b996ca28"
  version = "v1.12.67"

[[projects]]
  branch = "master"
  name = "github.com/cloudflare/cfssl"
  packages = ["api","auth","certdb","config","crypto/pkcs7","csr","errors","helpers","helpers/derhelpers","info","log","ocsp/config","signer"]
  revision = "1ae5a465bbe0ce48067127e7092edb300f6c9c0a"

[[projects]]
  name = "github.com/davecgh/go-spew"
  packages = ["spew"]
  revision = "346938d642f2ec3594ed81d874461961cd0faa76"
  version = "v1.1.0"

[[projects]]
  name = "github.com/docker/distribution"
  packages = ["digest","reference"]
  revision = "48294d928ced5dd9b378f7fd7c6f5da3ff3f2c89"
  version = "v2.6.2"

[[projects]]
  name = "github.com/docker/docker"
  packages = ["api/types","api/types/blkiodev","api/types/container","api/types/events","api/types/filters","api/types/mount","api/types/network","api/types/reference","api/types/registry","api/types/strslice","api/types/swarm","api/types/time","api/types/versions","api/types/volume","client","pkg/tlsconfig"]
  revision = "092cba3727bb9b4a2f0e922cd6c0f93ea270e363"
  version = "v1.13.1"

[[projects]]
  name = "github.com/docker/go-connections"
  packages = ["nat","sockets","tlsconfig"]
  revision = "3ede32e2033de7505e6500d6c868c2b9ed9f169d"
  version = "v0.3.0"

[[projects]]
  name = "github.com/docker/go-units"
  packages = ["."]
  revision = "0dadbb0345b35ec7ef35e228dabb8de89a65bf52"
  version = "v0.3.2"

[[projects]]
  name = "github.com/fsnotify/fsnotify"
  packages = ["."]
  revision = "c2828203cd70a50dcccfb2761f8b1f8ceef9a8e9"
  version = "v1.4.7"

[[projects]]
  name = "github.com/geekypanda/httpcache"
  packages = ["."]
  revision = "76cace3b49b4d5d13592f13e4e7024d7107a4043"
  version = "v0.0.1"

[[projects]]
  name = "github.com/go-ini/ini"
  packages = ["."]
  revision = "32e4c1e6bc4e7d0d8451aa6b75200d19e37a536a"
  version = "v1.32.0"

[[projects]]
  branch = "master"
  name = "github.com/golang/protobuf"
  packages = ["proto","protoc-gen-go/descriptor","ptypes","ptypes/any","ptypes/duration","ptypes/timestamp"]
  revision = "c65a0412e71e8b9b3bfd22925720d23c0f054237"

[[projects]]
  branch = "master"
  name = "github.com/golang/snappy"
  packages = ["."]
  revision = "553a641470496b2327abcac10b36396bd98e45c9"

[[projects]]
  branch = "master"
  name = "github.com/google/certificate-transparency-go"
  packages = [".","asn1","tls","x509","x509/pkix"]
  revision = "565dc33ed1f4f57523d464a59b3ece8c93944dce"

[[projects]]
  branch = "master"
  name = "github.com/google/go-github"
  packages = ["github"]
  revision = "b1f138353a6287df5156971b3963e9107eca06a1"

[[projects]]
  branch = "master"
  name = "github.com/google/go-querystring"
  packages = ["query"]
  revision = "53e6ce116135b80d037921a7fdd5138cf32d7a8a"

[[projects]]
  name = "github.com/googleapis/gax-go"
  packages = ["."]
  revision = "317e0006254c44a0ac427cc52a0e083ff0b9622f"
  version = "v2.0.0"

[[projects]]
  branch = "master"
  name = "github.com/hashicorp/go-version"
  packages = ["."]
  revision = "4fe82ae3040f80a03d04d2cccb5606a626b8e1ee"

[[projects]]
  branch = "master"
  name = "github.com/hashicorp/hcl"
  packages = [".","hcl/ast","hcl/parser","hcl/scanner","hcl/strconv","hcl/token","json/parser","json/scanner","json/token"]
  revision = "23c074d0eceb2b8a5bfdbb271ab780cde70f05a8"

[[projects]]
  name = "github.com/hyperledger/fabric-sdk-go"
  packages = ["api/apiconfig","api/apicryptosuite","api/apifabca","api/apifabclient","api/apilogging","api/apitxn","api/apitxn/chmgmtclient","api/apitxn/resmgmtclient","def/fabapi","def/fabapi/context","def/fabapi/context/defprovider","def/fabapi/opt","internal/github.com/hyperledger/fabric-ca/api","internal/github.com/hyperledger/fabric-ca/lib","internal/github.com/hyperledger/fabric-ca/lib/tls","internal/github.com/hyperledger/fabric-ca/sdkpatch/cryptosuitebridge","internal/github.com/hyperledger/fabric-ca/sdkpatch/logbridge","internal/github.com/hyperledger/fabric-ca/util","internal/github.com/hyperledger/fabric/bccsp","internal/github.com/hyperledger/fabric/bccsp/factory","internal/github.com/hyperledger/fabric/bccsp/pkcs11","internal/github.com/hyperledger/fabric/bccsp/signer","internal/github.com/hyperledger/fabric/bccsp/sw","internal/github.com/hyperledger/fabric/bccsp/utils","internal/github.com/hyperledger/fabric/common/channelconfig","internal/github.com/hyperledger/fabric/common/crypto","internal/github.com/hyperledger/fabric/common/util","internal/github.com/hyperledger/fabric/core/ledger/kvledger/txmgmt/rwsetutil","internal/github.com/hyperledger/fabric/core/ledger/util","internal/github.com/hyperledger/fabric/events/consumer","internal/github.com/hyperledger/fabric/msp","internal/github.com/hyperledger/fabric/protos/orderer","internal/github.com/hyperledger/fabric/protos/utils","internal/github.com/hyperledger/fabric/sdkpatch/cryptosuitebridge","internal/github.com/hyperledger/fabric/sdkpatch/logbridge","pkg/config","pkg/config/urlutil","pkg/cryptosuite","pkg/cryptosuite/bccsp","pkg/errors","pkg/fabric-ca-client","pkg/fabric-client","pkg/fabric-client/channel","pkg/fabric-client/credentialmgr","pkg/fabric-client/events","pkg/fabric-client/events/consumer","pkg/fabric-client/identity","pkg/fabric-client/internal","pkg/fabric-client/internal/txnproc","pkg/fabric-client/keyvaluestore","pkg/fabric-client/mocks","pkg/fabric-client/orderer","pkg/fabric-client/peer","pkg/fabric-client/signingmgr","pkg/fabric-txn/chclient","pkg/fabric-txn/chmgmtclient","pkg/fabric-txn/discovery/staticdiscovery","pkg/fabric-txn/internal","pkg/fabric-txn/resmgmtclient","pkg/fabric-txn/selection/staticselection","pkg/logging","pkg/logging/deflogger","pkg/logging/utils","third_party/github.com/hyperledger/fabric/protos/common","third_party/github.com/hyperledger/fabric/protos/ledger/rwset","third_party/github.com/hyperledger/fabric/protos/ledger/rwset/kvrwset","third_party/github.com/hyperledger/fabric/protos/msp","third_party/github.com/hyperledger/fabric/protos/orderer","third_party/github.com/hyperledger/fabric/protos/peer"]
  revision = "9dad8aeef1cad811762f1c476eb6fdf459836471"

[[projects]]
  name = "github.com/imdario/mergo"
  packages = ["."]
  revision = "163f41321a19dd09362d4c63cc2489db2015f1f4"
  version = "0.3.2"

[[projects]]
  name = "github.com/iris-contrib/formBinder"
  packages = ["."]
  revision = "39c8cd740c8f5a6831bec11c534a850e02c342a3"
  version = "v4"

[[projects]]
  name = "github.com/jmespath/go-jmespath"
  packages = ["."]
  revision = "0b12d6b5"

[[projects]]
  name = "github.com/kataras/go-errors"
  packages = ["."]
  revision = "d2aaffdebcb40c69c4cb6a95e436430cde192435"
  version = "v0.0.3"

[[projects]]
  name = "github.com/klauspost/compress"
  packages = ["flate","gzip","zlib"]
  revision = "6c8db69c4b49dd4df1fff66996cf556176d0b9bf"
  version = "v1.2.1"

[[projects]]
  name = "github.com/klauspost/cpuid"
  packages = ["."]
  revision = "ae7887de9fa5d2db4eaa8174a7eff2c1ac00f2da"
  version = "v1.1"

[[projects]]
  name = "github.com/klauspost/crc32"
  packages = ["."]
  revision = "cb6bfca970f6908083f26f39a79009d608efd5cd"
  version = "v1.1"

[[projects]]
  name = "github.com/magiconair/properties"
  packages = ["."]
  revision = "d419a98cdbed11a922bf76f257b7c4be79b50e73"
  version = "v1.7.4"

[[projects]]
  branch = "master"
  name = "github.com/microcosm-cc/bluemonday"
  packages = ["."]
  revision = "542fd4642604d0d0c26112396ce5b1a9d01eee0b"

[[projects]]
  branch = "master"
  name = "github.com/miekg/pkcs11"
  packages = ["."]
  revision = "57296583125bf58643f8bac3635bc1af1d65a6df"

[[projects]]
  branch = "master"
  name = "github.com/mitchellh/mapstructure"
  packages = ["."]
  revision = "b4575eea38cca1123ec2dc90c26529b5c5acfcff"

[[projects]]
  name = "github.com/nsqio/go-nsq"
  packages = ["."]
  revision = "eee57a3ac4174c55924125bb15eeeda8cffb6e6f"
  version = "v1.0.7"

[[projects]]
  name = "github.com/pelletier/go-toml"
  packages = ["."]
  revision = "acdc4509485b587f5e675510c4f2c63e90ff68a8"
  version = "v1.1.0"

[[projects]]
  branch = "master"
  name = "github.com/pkg/errors"
  packages = ["."]
  revision = "e881fd58d78e04cf6d0de1217f8707c8cc2249bc"

[[projects]]
  name = "github.com/pmezard/go-difflib"
  packages = ["difflib"]
  revision = "792786c7400a136282c1664665ae0a8db921c6c2"
  version = "v1.0.0"

[[projects]]
  name = "github.com/russross/blackfriday"
  packages = ["."]
  revision = "0ba0f2"

[[projects]]
  name = "github.com/satori/go.uuid"
  packages = ["."]
  revision = "f58768cc1a7a7e77a3bd49e98cdd21419399b6a3"
  version = "v1.2.0"

[[projects]]
  name = "github.com/spf13/afero"
  packages = [".","mem"]
  revision = "bb8f1927f2a9d3ab41c9340aa034f6b803f4359c"
  version = "v1.0.2"

[[projects]]
  name = "github.com/spf13/cast"
  packages = ["."]
  revision = "acbeb36b902d72a7a4c18e8f3241075e7ab763e4"
  version = "v1.1.0"

[[projects]]
  branch = "master"
  name = "github.com/spf13/jwalterweatherman"
  packages = ["."]
  revision = "7c0cea34c8ece3fbeb2b27ab9b59511d360fb394"

[[projects]]
  name = "github.com/spf13/pflag"
  packages = ["."]
  revision = "e57e3eeb33f795204c1ca35f56c44f83227c6e66"
  version = "v1.0.0"

[[projects]]
  name = "github.com/spf13/viper"
  packages = ["."]
  revision = "25b30aa063fc18e48662b86996252eabdcf2f0c7"
  version = "v1.0.0"

[[projects]]
  name = "github.com/stretchr/testify"
  packages = ["assert"]
  revision = "b91bfb9ebec76498946beb6af7c0230c7cc7ba6c"
  version = "v1.2.0"

[[projects]]
  branch = "master"
  name = "github.com/valyala/bytebufferpool"
  packages = ["."]
  revision = "e746df99fe4a3986f4d4f79e13c1e0117ce9c2f7"

[[projects]]
  name = "github.com/valyala/fasthttp"
  packages = [".","fasthttputil"]
  revision = "d42167fd04f636e20b005e9934159e95454233c7"
  version = "v20160617"

[[projects]]
  branch = "master"
  name = "golang.org/x/crypto"
  packages = ["acme","acme/autocert","ocsp","pkcs12","pkcs12/internal/rc2","sha3"]
  revision = "3d37316aaa6bd9929127ac9a527abf408178ea7b"

[[projects]]
  branch = "master"
  name = "golang.org/x/net"
  packages = ["context","context/ctxhttp","html","html/atom","http2","http2/hpack","idna","internal/timeseries","lex/httplex","proxy","trace"]
  revision = "0ed95abb35c445290478a5348a7b38bb154135fd"

[[projects]]
  branch = "master"
  name = "golang.org/x/oauth2"
  packages = [".","google","internal","jws","jwt"]
  revision = "b28fcf2b08a19742b43084fb40ab78ac6c3d8067"

[[projects]]
  branch = "master"
  name = "golang.org/x/sync"
  packages = ["syncmap"]
  revision = "fd80eb99c8f653c847d294a001bdf2a3a6f768f5"

[[projects]]
  branch = "master"
  name = "golang.org/x/sys"
  packages = ["unix","windows"]
  revision = "03467258950d845cd1877eab69461b98e8c09219"

[[projects]]
  branch = "master"
  name = "golang.org/x/text"
  packages = ["collate","collate/build","internal/colltab","internal/gen","internal/tag","internal/triegen","internal/ucd","language","secure/bidirule","transform","unicode/bidi","unicode/cldr","unicode/norm","unicode/rangetable"]
  revision = "e19ae1496984b1c655b8044a65c0300a3c878dd3"

[[projects]]
  branch = "master"
  name = "google.golang.org/api"
  packages = ["gensupport","googleapi","googleapi/internal/uritemplates","googleapi/transport","internal","iterator","option","storage/v1","transport/http"]
  revision = "a27ddaf5ce0ce688be462071a9e55566e60bb59e"

[[projects]]
  name = "google.golang.org/appengine"
  packages = [".","internal","internal/app_identity","internal/base","internal/datastore","internal/log","internal/modules","internal/remote_api","internal/urlfetch","urlfetch"]
  revision = "150dc57a1b433e64154302bdc40b6bb8aefa313a"
  version = "v1.0.0"

[[projects]]
  branch = "master"
  name = "google.golang.org/genproto"
  packages = ["googleapis/api/annotations","googleapis/iam/v1","googleapis/rpc/status"]
  revision = "4eb30f4778eed4c258ba66527a0d4f9ec8a36c45"

[[projects]]
  name = "google.golang.org/grpc"
  packages = [".","balancer","balancer/base","balancer/roundrobin","codes","connectivity","credentials","encoding","grpclb/grpc_lb_v1/messages","grpclog","internal","keepalive","metadata","naming","peer","resolver","resolver/dns","resolver/passthrough","stats","status","tap","transport"]
  revision = "6b51017f791ae1cfbec89c52efdf444b13b550ef"
  version = "v1.9.2"

[[projects]]
  name = "gopkg.in/kataras/iris.v6"
  packages = [".","adaptors/httprouter","middleware/logger"]
  revision = "09a2066268f99fc8ee40ecddde8b415f76250f4b"
  source = "https://github.com/MorpheoOrg/iris.git"
  version = "v6.2"

[[projects]]
  branch = "v2"
  name = "gopkg.in/yaml.v2"
  packages = ["."]
  revision = "d670f9405373e636a5a2765eea47fac0c9bc91a4"

[solve-meta]
  analyzer-name = "dep"
  analyzer-version = 1
  inputs-digest = "0859b0c4dc632b03b4b6b34fc0024979a0920b2c9d94c5a6a5878f2d7ba83f11"
  solver-name = "gps-cdcl"
  solver-version = 1
