# This file is autogenerated, do not edit; changes may be undone by the next 'dep ensure'.


[[projects]]
  name = "cloud.google.com/go"
  packages = ["compute/metadata","iam","internal","internal/optional","internal/version","storage"]
  revision = "2d3a6656c17a60b0815b7e06ab0be04eacb6e613"
  version = "v0.16.0"

[[projects]]
  name = "github.com/BurntSushi/toml"
  packages = ["."]
  revision = "b26d9c308763d68093482582cea63d69be07a0f0"
  version = "v0.3.0"

[[projects]]
  name = "github.com/Microsoft/go-winio"
  packages = ["."]
  revision = "78439966b38d69bf38227fbf57ac8a6fee70f69a"
  version = "v0.4.5"

[[projects]]
  branch = "master"
  name = "github.com/MorpheoOrg/morpheo-go-packages"
  packages = ["client","common"]
  revision = "4fc7e91ccfc250d45aba3fe867d8f33d32f9600b"

[[projects]]
  name = "github.com/aws/aws-sdk-go"
  packages = ["aws","aws/awserr","aws/awsutil","aws/client","aws/client/metadata","aws/corehandlers","aws/credentials","aws/credentials/ec2rolecreds","aws/credentials/endpointcreds","aws/credentials/stscreds","aws/defaults","aws/ec2metadata","aws/endpoints","aws/request","aws/session","aws/signer/v4","internal/shareddefaults","private/protocol","private/protocol/query","private/protocol/query/queryutil","private/protocol/rest","private/protocol/restxml","private/protocol/xml/xmlutil","service/s3","service/sts"]
  revision = "0c22c3d22be15d3be3d22b8dedabbf5dd4304730"
  version = "v1.12.34"

[[projects]]
  branch = "master"
  name = "github.com/cloudflare/cfssl"
  packages = ["api","auth","certdb","config","crypto/pkcs7","csr","errors","helpers","helpers/derhelpers","info","log","ocsp/config","signer"]
  revision = "e4178260e43e9a17d1a4f2d6a7efd5bc7273a044"

[[projects]]
  name = "github.com/davecgh/go-spew"
  packages = ["spew"]
  revision = "346938d642f2ec3594ed81d874461961cd0faa76"
  version = "v1.1.0"

[[projects]]
  name = "github.com/docker/distribution"
  packages = ["digest","reference"]
  revision = "48294d928ced5dd9b378f7fd7c6f5da3ff3f2c89"
  version = "v2.6.2"

[[projects]]
  name = "github.com/docker/docker"
  packages = ["api/types","api/types/blkiodev","api/types/container","api/types/events","api/types/filters","api/types/mount","api/types/network","api/types/reference","api/types/registry","api/types/strslice","api/types/swarm","api/types/time","api/types/versions","api/types/volume","client","pkg/tlsconfig"]
  revision = "092cba3727bb9b4a2f0e922cd6c0f93ea270e363"
  version = "v1.13.1"

[[projects]]
  name = "github.com/docker/go-connections"
  packages = ["nat","sockets","tlsconfig"]
  revision = "3ede32e2033de7505e6500d6c868c2b9ed9f169d"
  version = "v0.3.0"

[[projects]]
  name = "github.com/docker/go-units"
  packages = ["."]
  revision = "0dadbb0345b35ec7ef35e228dabb8de89a65bf52"
  version = "v0.3.2"

[[projects]]
  name = "github.com/fsnotify/fsnotify"
  packages = ["."]
  revision = "629574ca2a5df945712d3079857300b5e4da0236"
  version = "v1.4.2"

[[projects]]
  name = "github.com/geekypanda/httpcache"
  packages = ["."]
  revision = "76cace3b49b4d5d13592f13e4e7024d7107a4043"
  version = "v0.0.1"

[[projects]]
  name = "github.com/go-ini/ini"
  packages = ["."]
  revision = "32e4c1e6bc4e7d0d8451aa6b75200d19e37a536a"
  version = "v1.32.0"

[[projects]]
  branch = "master"
  name = "github.com/golang/protobuf"
  packages = ["proto","protoc-gen-go/descriptor","ptypes","ptypes/any","ptypes/duration","ptypes/timestamp"]
  revision = "1e59b77b52bf8e4b449a57e6f79f21226d571845"

[[projects]]
  branch = "master"
  name = "github.com/golang/snappy"
  packages = ["."]
  revision = "553a641470496b2327abcac10b36396bd98e45c9"

[[projects]]
  branch = "master"
  name = "github.com/google/certificate-transparency-go"
  packages = [".","asn1","tls","x509","x509/pkix"]
  revision = "96d0882a11ef3ac0b43ad09b078d4017c26e05e9"

[[projects]]
  branch = "master"
  name = "github.com/google/go-github"
  packages = ["github"]
  revision = "a89ea1cdf79929726a9416663609269ada774da0"

[[projects]]
  branch = "master"
  name = "github.com/google/go-querystring"
  packages = ["query"]
  revision = "53e6ce116135b80d037921a7fdd5138cf32d7a8a"

[[projects]]
  name = "github.com/googleapis/gax-go"
  packages = ["."]
  revision = "317e0006254c44a0ac427cc52a0e083ff0b9622f"
  version = "v2.0.0"

[[projects]]
  branch = "master"
  name = "github.com/hashicorp/go-version"
  packages = ["."]
  revision = "fc61389e27c71d120f87031ca8c88a3428f372dd"

[[projects]]
  branch = "master"
  name = "github.com/hashicorp/hcl"
  packages = [".","hcl/ast","hcl/parser","hcl/scanner","hcl/strconv","hcl/token","json/parser","json/scanner","json/token"]
  revision = "23c074d0eceb2b8a5bfdbb271ab780cde70f05a8"

[[projects]]
  branch = "master"
  name = "github.com/hyperledger/fabric-sdk-go"
  packages = ["api/apiconfig","api/apicryptosuite","api/apifabca","api/apifabclient","api/apilogging","api/apitxn","api/apitxn/chmgmtclient","api/apitxn/resmgmtclient","def/fabapi","def/fabapi/context","def/fabapi/context/defprovider","def/fabapi/opt","internal/github.com/hyperledger/fabric-ca/api","internal/github.com/hyperledger/fabric-ca/lib","internal/github.com/hyperledger/fabric-ca/lib/tls","internal/github.com/hyperledger/fabric-ca/sdkpatch/cryptosuitebridge","internal/github.com/hyperledger/fabric-ca/sdkpatch/logbridge","internal/github.com/hyperledger/fabric-ca/util","internal/github.com/hyperledger/fabric/bccsp","internal/github.com/hyperledger/fabric/bccsp/factory","internal/github.com/hyperledger/fabric/bccsp/pkcs11","internal/github.com/hyperledger/fabric/bccsp/signer","internal/github.com/hyperledger/fabric/bccsp/sw","internal/github.com/hyperledger/fabric/bccsp/utils","internal/github.com/hyperledger/fabric/common/channelconfig","internal/github.com/hyperledger/fabric/common/crypto","internal/github.com/hyperledger/fabric/common/util","internal/github.com/hyperledger/fabric/core/ledger/kvledger/txmgmt/rwsetutil","internal/github.com/hyperledger/fabric/core/ledger/util","internal/github.com/hyperledger/fabric/events/consumer","internal/github.com/hyperledger/fabric/msp","internal/github.com/hyperledger/fabric/protos/orderer","internal/github.com/hyperledger/fabric/protos/utils","internal/github.com/hyperledger/fabric/sdkpatch/cryptosuitebridge","internal/github.com/hyperledger/fabric/sdkpatch/logbridge","pkg/config","pkg/config/urlutil","pkg/cryptosuite","pkg/cryptosuite/bccsp","pkg/errors","pkg/fabric-ca-client","pkg/fabric-client","pkg/fabric-client/channel","pkg/fabric-client/credentialmgr","pkg/fabric-client/events","pkg/fabric-client/events/consumer","pkg/fabric-client/identity","pkg/fabric-client/internal","pkg/fabric-client/internal/txnproc","pkg/fabric-client/keyvaluestore","pkg/fabric-client/mocks","pkg/fabric-client/orderer","pkg/fabric-client/peer","pkg/fabric-client/signingmgr","pkg/fabric-txn/chclient","pkg/fabric-txn/chmgmtclient","pkg/fabric-txn/discovery/staticdiscovery","pkg/fabric-txn/internal","pkg/fabric-txn/resmgmtclient","pkg/fabric-txn/selection/staticselection","pkg/logging","pkg/logging/deflogger","pkg/logging/utils","third_party/github.com/hyperledger/fabric/protos/common","third_party/github.com/hyperledger/fabric/protos/ledger/rwset","third_party/github.com/hyperledger/fabric/protos/ledger/rwset/kvrwset","third_party/github.com/hyperledger/fabric/protos/msp","third_party/github.com/hyperledger/fabric/protos/orderer","third_party/github.com/hyperledger/fabric/protos/peer"]
  revision = "9dad8aeef1cad811762f1c476eb6fdf459836471"

[[projects]]
  name = "github.com/imdario/mergo"
  packages = ["."]
  revision = "7fe0c75c13abdee74b09fcacef5ea1c6bba6a874"
  version = "0.2.4"

[[projects]]
  name = "github.com/iris-contrib/formBinder"
  packages = ["."]
  revision = "39c8cd740c8f5a6831bec11c534a850e02c342a3"
  version = "v4"

[[projects]]
  name = "github.com/jmespath/go-jmespath"
  packages = ["."]
  revision = "0b12d6b5"

[[projects]]
  name = "github.com/kataras/go-errors"
  packages = ["."]
  revision = "d2aaffdebcb40c69c4cb6a95e436430cde192435"
  version = "v0.0.3"

[[projects]]
  name = "github.com/klauspost/compress"
  packages = ["flate","gzip","zlib"]
  revision = "6c8db69c4b49dd4df1fff66996cf556176d0b9bf"
  version = "v1.2.1"

[[projects]]
  name = "github.com/klauspost/cpuid"
  packages = ["."]
  revision = "ae7887de9fa5d2db4eaa8174a7eff2c1ac00f2da"
  version = "v1.1"

[[projects]]
  name = "github.com/klauspost/crc32"
  packages = ["."]
  revision = "cb6bfca970f6908083f26f39a79009d608efd5cd"
  version = "v1.1"

[[projects]]
  name = "github.com/magiconair/properties"
  packages = ["."]
  revision = "be5ece7dd465ab0765a9682137865547526d1dfb"
  version = "v1.7.3"

[[projects]]
  branch = "master"
  name = "github.com/microcosm-cc/bluemonday"
  packages = ["."]
  revision = "68fecaef60268522d2ac3f0123cec9d3bcab7b6e"

[[projects]]
  branch = "master"
  name = "github.com/miekg/pkcs11"
  packages = ["."]
  revision = "694c80ab67e3b197690c5ba8a11f0ecdf7a90c93"

[[projects]]
  branch = "master"
  name = "github.com/mitchellh/mapstructure"
  packages = ["."]
  revision = "06020f85339e21b2478f756a78e295255ffa4d6a"

[[projects]]
  name = "github.com/nsqio/go-nsq"
  packages = ["."]
  revision = "eee57a3ac4174c55924125bb15eeeda8cffb6e6f"
  version = "v1.0.7"

[[projects]]
  name = "github.com/pelletier/go-toml"
  packages = ["."]
  revision = "16398bac157da96aa88f98a2df640c7f32af1da2"
  version = "v1.0.1"

[[projects]]
  branch = "master"
  name = "github.com/pkg/errors"
  packages = ["."]
  revision = "f15c970de5b76fac0b59abb32d62c17cc7bed265"

[[projects]]
  name = "github.com/pmezard/go-difflib"
  packages = ["difflib"]
  revision = "792786c7400a136282c1664665ae0a8db921c6c2"
  version = "v1.0.0"

[[projects]]
  name = "github.com/russross/blackfriday"
  packages = ["."]
  revision = "0ba0f2"

[[projects]]
  name = "github.com/satori/go.uuid"
  packages = ["."]
  revision = "879c5887cd475cd7864858769793b2ceb0d44feb"
  version = "v1.1.0"

[[projects]]
  name = "github.com/spf13/afero"
  packages = [".","mem"]
  revision = "8d919cbe7e2627e417f3e45c3c0e489a5b7e2536"
  version = "v1.0.0"

[[projects]]
  name = "github.com/spf13/cast"
  packages = ["."]
  revision = "acbeb36b902d72a7a4c18e8f3241075e7ab763e4"
  version = "v1.1.0"

[[projects]]
  branch = "master"
  name = "github.com/spf13/jwalterweatherman"
  packages = ["."]
  revision = "12bd96e66386c1960ab0f74ced1362f66f552f7b"

[[projects]]
  name = "github.com/spf13/pflag"
  packages = ["."]
  revision = "e57e3eeb33f795204c1ca35f56c44f83227c6e66"
  version = "v1.0.0"

[[projects]]
  name = "github.com/spf13/viper"
  packages = ["."]
  revision = "25b30aa063fc18e48662b86996252eabdcf2f0c7"
  version = "v1.0.0"

[[projects]]
  name = "github.com/stretchr/testify"
  packages = ["assert"]
  revision = "69483b4bd14f5845b5a1e55bca19e954e827f1d0"
  version = "v1.1.4"

[[projects]]
  branch = "master"
  name = "github.com/valyala/bytebufferpool"
  packages = ["."]
  revision = "e746df99fe4a3986f4d4f79e13c1e0117ce9c2f7"

[[projects]]
  name = "github.com/valyala/fasthttp"
  packages = [".","fasthttputil"]
  revision = "d42167fd04f636e20b005e9934159e95454233c7"
  version = "v20160617"

[[projects]]
  branch = "master"
  name = "golang.org/x/crypto"
  packages = ["acme","acme/autocert","ocsp","pkcs12","pkcs12/internal/rc2","sha3"]
  revision = "365904b0f3154c6e11a9cf541c9803d1dca0445a"

[[projects]]
  branch = "master"
  name = "golang.org/x/net"
  packages = ["context","context/ctxhttp","html","html/atom","http2","http2/hpack","idna","internal/timeseries","lex/httplex","proxy","trace"]
  revision = "fc492d2e106922eb3aa4bca863d55e882c087ae3"

[[projects]]
  branch = "master"
  name = "golang.org/x/oauth2"
  packages = [".","google","internal","jws","jwt"]
  revision = "f95fa95eaa936d9d87489b15d1d18b97c1ba9c28"

[[projects]]
  branch = "master"
  name = "golang.org/x/sync"
  packages = ["syncmap"]
  revision = "fd80eb99c8f653c847d294a001bdf2a3a6f768f5"

[[projects]]
  branch = "master"
  name = "golang.org/x/sys"
  packages = ["unix","windows"]
  revision = "a204229cd828a74741ee7b5da9bf4794497f85ed"

[[projects]]
  branch = "master"
  name = "golang.org/x/text"
  packages = ["collate","collate/build","internal/colltab","internal/gen","internal/tag","internal/triegen","internal/ucd","language","secure/bidirule","transform","unicode/bidi","unicode/cldr","unicode/norm","unicode/rangetable"]
  revision = "572a2b141f625f4360cf42a41a43622067e0510b"

[[projects]]
  branch = "master"
  name = "google.golang.org/api"
  packages = ["gensupport","googleapi","googleapi/internal/uritemplates","googleapi/transport","internal","iterator","option","storage/v1","transport/http"]
  revision = "b804618854e387dc7fdd9e50496183ddcbb4b120"

[[projects]]
  name = "google.golang.org/appengine"
  packages = [".","internal","internal/app_identity","internal/base","internal/datastore","internal/log","internal/modules","internal/remote_api","internal/urlfetch","urlfetch"]
  revision = "150dc57a1b433e64154302bdc40b6bb8aefa313a"
  version = "v1.0.0"

[[projects]]
  branch = "master"
  name = "google.golang.org/genproto"
  packages = ["googleapis/api/annotations","googleapis/iam/v1","googleapis/rpc/status"]
  revision = "7f0da29060c682909f650ad8ed4e515bd74fa12a"

[[projects]]
  name = "google.golang.org/grpc"
  packages = [".","balancer","balancer/roundrobin","codes","connectivity","credentials","encoding","grpclb/grpc_lb_v1/messages","grpclog","internal","keepalive","metadata","naming","peer","resolver","resolver/dns","resolver/passthrough","stats","status","tap","transport"]
  revision = "5a9f7b402fe85096d2e1d0383435ee1876e863d0"
  version = "v1.8.0"

[[projects]]
  name = "gopkg.in/kataras/iris.v6"
  packages = [".","adaptors/httprouter","middleware/logger"]
  revision = "09a2066268f99fc8ee40ecddde8b415f76250f4b"
  source = "https://github.com/MorpheoOrg/iris.git"
  version = "v6.2"

[[projects]]
  branch = "v2"
  name = "gopkg.in/yaml.v2"
  packages = ["."]
  revision = "287cf08546ab5e7e37d55a84f7ed3fd1db036de5"

[solve-meta]
  analyzer-name = "dep"
  analyzer-version = 1
  inputs-digest = "0859b0c4dc632b03b4b6b34fc0024979a0920b2c9d94c5a6a5878f2d7ba83f11"
  solver-name = "gps-cdcl"
  solver-version = 1
